{
  "originHash" : "dbeb2e9a90112f72ebf7025151062d45297be380e911cbb21ccdba2fcda2e536",
  "pins" : [
    {
      "identity" : "swiftmath?utm_source=chatgpt.com",
      "kind" : "remoteSourceControl",
      "location" : "https://github.com/mgriebling/SwiftMath?utm_source=chatgpt.com",
      "state" : {
        "revision" : "606f9be66db6afe0c41c3b064723a57061723db7",
        "version" : "1.7.1"
      }
    }
  ],
  "version" : 3
}
